// !$*UTF8*$!
{
	archiveVersion = 1;
	classes = {
	};
	objectVersion = 46;
	objects = {

/* Begin PBXBuildFile section */
		63B84DAD19E455A8004A4152 /* main.m in Sources */ = {isa = PBXBuildFile; fileRef = 63B84DAC19E455A8004A4152 /* main.m */; };
		63B84DB019E455A8004A4152 /* AppDelegate.m in Sources */ = {isa = PBXBuildFile; fileRef = 63B84DAF19E455A8004A4152 /* AppDelegate.m */; };
		63B84DB319E455A8004A4152 /* MapMyTrip.xcdatamodeld in Sources */ = {isa = PBXBuildFile; fileRef = 63B84DB119E455A8004A4152 /* MapMyTrip.xcdatamodeld */; };
		63B84DB619E455A8004A4152 /* ViewController.m in Sources */ = {isa = PBXBuildFile; fileRef = 63B84DB519E455A8004A4152 /* ViewController.m */; };
		63B84DB919E455A8004A4152 /* Main.storyboard in Resources */ = {isa = PBXBuildFile; fileRef = 63B84DB719E455A8004A4152 /* Main.storyboard */; };
		63B84DBB19E455A8004A4152 /* Images.xcassets in Resources */ = {isa = PBXBuildFile; fileRef = 63B84DBA19E455A8004A4152 /* Images.xcassets */; };
		63B84DBE19E455A8004A4152 /* LaunchScreen.xib in Resources */ = {isa = PBXBuildFile; fileRef = 63B84DBC19E455A8004A4152 /* LaunchScreen.xib */; };
		63B84DCA19E455A9004A4152 /* MapMyTripTests.m in Sources */ = {isa = PBXBuildFile; fileRef = 63B84DC919E455A9004A4152 /* MapMyTripTests.m */; };
		63B84E8919E47036004A4152 /* AVFoundation.framework in Frameworks */ = {isa = PBXBuildFile; fileRef = 63B84E8819E47036004A4152 /* AVFoundation.framework */; };
		63B84E8B19E4703E004A4152 /* CoreData.framework in Frameworks */ = {isa = PBXBuildFile; fileRef = 63B84E8A19E4703E004A4152 /* CoreData.framework */; };
		63B84E8D19E47046004A4152 /* CoreLocation.framework in Frameworks */ = {isa = PBXBuildFile; fileRef = 63B84E8C19E47046004A4152 /* CoreLocation.framework */; };
		63B84E8F19E4704F004A4152 /* CoreText.framework in Frameworks */ = {isa = PBXBuildFile; fileRef = 63B84E8E19E4704F004A4152 /* CoreText.framework */; };
		63B84E9519E4720B004A4152 /* GLKit.framework in Frameworks */ = {isa = PBXBuildFile; fileRef = 63B84E9419E4720B004A4152 /* GLKit.framework */; };
		63B84E9719E47236004A4152 /* ImageIO.framework in Frameworks */ = {isa = PBXBuildFile; fileRef = 63B84E9619E47236004A4152 /* ImageIO.framework */; };
		63B84E9B19E47286004A4152 /* libc++.dylib in Frameworks */ = {isa = PBXBuildFile; fileRef = 63B84E9819E47286004A4152 /* libc++.dylib */; };
		63B84E9C19E47286004A4152 /* libicucore.dylib in Frameworks */ = {isa = PBXBuildFile; fileRef = 63B84E9919E47286004A4152 /* libicucore.dylib */; };
		63B84E9D19E47286004A4152 /* libz.dylib in Frameworks */ = {isa = PBXBuildFile; fileRef = 63B84E9A19E47286004A4152 /* libz.dylib */; };
		63B84EA119E472A3004A4152 /* OpenGLES.framework in Frameworks */ = {isa = PBXBuildFile; fileRef = 63B84E9E19E472A3004A4152 /* OpenGLES.framework */; };
		63B84EA219E472A3004A4152 /* QuartzCore.framework in Frameworks */ = {isa = PBXBuildFile; fileRef = 63B84E9F19E472A3004A4152 /* QuartzCore.framework */; };
		63B84EA319E472A3004A4152 /* SystemConfiguration.framework in Frameworks */ = {isa = PBXBuildFile; fileRef = 63B84EA019E472A3004A4152 /* SystemConfiguration.framework */; };
		63B84EA619E473A6004A4152 /* GoogleMaps.bundle in Resources */ = {isa = PBXBuildFile; fileRef = 63B84EA519E473A6004A4152 /* GoogleMaps.bundle */; };
		63B84EAA19E47419004A4152 /* GoogleMaps.framework in Frameworks */ = {isa = PBXBuildFile; fileRef = 63B84EA919E47419004A4152 /* GoogleMaps.framework */; };
/* End PBXBuildFile section */

/* Begin PBXContainerItemProxy section */
		63B84DC419E455A9004A4152 /* PBXContainerItemProxy */ = {
			isa = PBXContainerItemProxy;
			containerPortal = 63B84D9F19E455A8004A4152 /* Project object */;
			proxyType = 1;
			remoteGlobalIDString = 63B84DA619E455A8004A4152;
			remoteInfo = MapMyTrip;
		};
/* End PBXContainerItemProxy section */

/* Begin PBXFileReference section */
		63B84DA719E455A8004A4152 /* MapMyTrip.app */ = {isa = PBXFileReference; explicitFileType = wrapper.application; includeInIndex = 0; path = MapMyTrip.app; sourceTree = BUILT_PRODUCTS_DIR; };
		63B84DAB19E455A8004A4152 /* Info.plist */ = {isa = PBXFileReference; lastKnownFileType = text.plist.xml; path = Info.plist; sourceTree = "<group>"; };
		63B84DAC19E455A8004A4152 /* main.m */ = {isa = PBXFileReference; lastKnownFileType = sourcecode.c.objc; path = main.m; sourceTree = "<group>"; };
		63B84DAE19E455A8004A4152 /* AppDelegate.h */ = {isa = PBXFileReference; lastKnownFileType = sourcecode.c.h; path = AppDelegate.h; sourceTree = "<group>"; };
		63B84DAF19E455A8004A4152 /* AppDelegate.m */ = {isa = PBXFileReference; lastKnownFileType = sourcecode.c.objc; path = AppDelegate.m; sourceTree = "<group>"; };
		63B84DB219E455A8004A4152 /* MapMyTrip.xcdatamodel */ = {isa = PBXFileReference; lastKnownFileType = wrapper.xcdatamodel; path = MapMyTrip.xcdatamodel; sourceTree = "<group>"; };
		63B84DB419E455A8004A4152 /* ViewController.h */ = {isa = PBXFileReference; lastKnownFileType = sourcecode.c.h; path = ViewController.h; sourceTree = "<group>"; };
		63B84DB519E455A8004A4152 /* ViewController.m */ = {isa = PBXFileReference; lastKnownFileType = sourcecode.c.objc; path = ViewController.m; sourceTree = "<group>"; };
		63B84DB819E455A8004A4152 /* Base */ = {isa = PBXFileReference; lastKnownFileType = file.storyboard; name = Base; path = Base.lproj/Main.storyboard; sourceTree = "<group>"; };
		63B84DBA19E455A8004A4152 /* Images.xcassets */ = {isa = PBXFileReference; lastKnownFileType = folder.assetcatalog; path = Images.xcassets; sourceTree = "<group>"; };
		63B84DBD19E455A8004A4152 /* Base */ = {isa = PBXFileReference; lastKnownFileType = file.xib; name = Base; path = Base.lproj/LaunchScreen.xib; sourceTree = "<group>"; };
		63B84DC319E455A9004A4152 /* MapMyTripTests.xctest */ = {isa = PBXFileReference; explicitFileType = wrapper.cfbundle; includeInIndex = 0; path = MapMyTripTests.xctest; sourceTree = BUILT_PRODUCTS_DIR; };
		63B84DC819E455A9004A4152 /* Info.plist */ = {isa = PBXFileReference; lastKnownFileType = text.plist.xml; path = Info.plist; sourceTree = "<group>"; };
		63B84DC919E455A9004A4152 /* MapMyTripTests.m */ = {isa = PBXFileReference; lastKnownFileType = sourcecode.c.objc; path = MapMyTripTests.m; sourceTree = "<group>"; };
		63B84E8819E47036004A4152 /* AVFoundation.framework */ = {isa = PBXFileReference; lastKnownFileType = wrapper.framework; name = AVFoundation.framework; path = System/Library/Frameworks/AVFoundation.framework; sourceTree = SDKROOT; };
		63B84E8A19E4703E004A4152 /* CoreData.framework */ = {isa = PBXFileReference; lastKnownFileType = wrapper.framework; name = CoreData.framework; path = System/Library/Frameworks/CoreData.framework; sourceTree = SDKROOT; };
		63B84E8C19E47046004A4152 /* CoreLocation.framework */ = {isa = PBXFileReference; lastKnownFileType = wrapper.framework; name = CoreLocation.framework; path = System/Library/Frameworks/CoreLocation.framework; sourceTree = SDKROOT; };
		63B84E8E19E4704F004A4152 /* CoreText.framework */ = {isa = PBXFileReference; lastKnownFileType = wrapper.framework; name = CoreText.framework; path = System/Library/Frameworks/CoreText.framework; sourceTree = SDKROOT; };
		63B84E9419E4720B004A4152 /* GLKit.framework */ = {isa = PBXFileReference; lastKnownFileType = wrapper.framework; name = GLKit.framework; path = System/Library/Frameworks/GLKit.framework; sourceTree = SDKROOT; };
		63B84E9619E47236004A4152 /* ImageIO.framework */ = {isa = PBXFileReference; lastKnownFileType = wrapper.framework; name = ImageIO.framework; path = System/Library/Frameworks/ImageIO.framework; sourceTree = SDKROOT; };
		63B84E9819E47286004A4152 /* libc++.dylib */ = {isa = PBXFileReference; lastKnownFileType = "compiled.mach-o.dylib"; name = "libc++.dylib"; path = "usr/lib/libc++.dylib"; sourceTree = SDKROOT; };
		63B84E9919E47286004A4152 /* libicucore.dylib */ = {isa = PBXFileReference; lastKnownFileType = "compiled.mach-o.dylib"; name = libicucore.dylib; path = usr/lib/libicucore.dylib; sourceTree = SDKROOT; };
		63B84E9A19E47286004A4152 /* libz.dylib */ = {isa = PBXFileReference; lastKnownFileType = "compiled.mach-o.dylib"; name = libz.dylib; path = usr/lib/libz.dylib; sourceTree = SDKROOT; };
		63B84E9E19E472A3004A4152 /* OpenGLES.framework */ = {isa = PBXFileReference; lastKnownFileType = wrapper.framework; name = OpenGLES.framework; path = System/Library/Frameworks/OpenGLES.framework; sourceTree = SDKROOT; };
		63B84E9F19E472A3004A4152 /* QuartzCore.framework */ = {isa = PBXFileReference; lastKnownFileType = wrapper.framework; name = QuartzCore.framework; path = System/Library/Frameworks/QuartzCore.framework; sourceTree = SDKROOT; };
		63B84EA019E472A3004A4152 /* SystemConfiguration.framework */ = {isa = PBXFileReference; lastKnownFileType = wrapper.framework; name = SystemConfiguration.framework; path = System/Library/Frameworks/SystemConfiguration.framework; sourceTree = SDKROOT; };
		63B84EA519E473A6004A4152 /* GoogleMaps.bundle */ = {isa = PBXFileReference; lastKnownFileType = "wrapper.plug-in"; name = GoogleMaps.bundle; path = "../GoogleMaps-iOS-1.8.1/GoogleMaps.framework/Versions/A/Resources/GoogleMaps.bundle"; sourceTree = "<group>"; };
		63B84EA719E473D3004A4152 /* AVKit.framework */ = {isa = PBXFileReference; lastKnownFileType = wrapper.framework; name = AVKit.framework; path = System/Library/Frameworks/AVKit.framework; sourceTree = SDKROOT; };
		63B84EA919E47419004A4152 /* GoogleMaps.framework */ = {isa = PBXFileReference; lastKnownFileType = wrapper.framework; path = GoogleMaps.framework; sourceTree = "<group>"; };
/* End PBXFileReference section */

/* Begin PBXFrameworksBuildPhase section */
		63B84DA419E455A8004A4152 /* Frameworks */ = {
			isa = PBXFrameworksBuildPhase;
			buildActionMask = 2147483647;
			files = (
				63B84EA119E472A3004A4152 /* OpenGLES.framework in Frameworks */,
				63B84EA219E472A3004A4152 /* QuartzCore.framework in Frameworks */,
				63B84EA319E472A3004A4152 /* SystemConfiguration.framework in Frameworks */,
				63B84E9B19E47286004A4152 /* libc++.dylib in Frameworks */,
				63B84E9C19E47286004A4152 /* libicucore.dylib in Frameworks */,
				63B84E9D19E47286004A4152 /* libz.dylib in Frameworks */,
				63B84E9719E47236004A4152 /* ImageIO.framework in Frameworks */,
				63B84E9519E4720B004A4152 /* GLKit.framework in Frameworks */,
				63B84E8F19E4704F004A4152 /* CoreText.framework in Frameworks */,
				63B84EAA19E47419004A4152 /* GoogleMaps.framework in Frameworks */,
				63B84E8D19E47046004A4152 /* CoreLocation.framework in Frameworks */,
				63B84E8B19E4703E004A4152 /* CoreData.framework in Frameworks */,
				63B84E8919E47036004A4152 /* AVFoundation.framework in Frameworks */,
			);
			runOnlyForDeploymentPostprocessing = 0;
		};
		63B84DC019E455A9004A4152 /* Frameworks */ = {
			isa = PBXFrameworksBuildPhase;
			buildActionMask = 2147483647;
			files = (
			);
			runOnlyForDeploymentPostprocessing = 0;
		};
/* End PBXFrameworksBuildPhase section */

/* Begin PBXGroup section */
		63B84D9E19E455A8004A4152 = {
			isa = PBXGroup;
			children = (
				63B84EA419E47351004A4152 /* Frameworks */,
				63B84DA919E455A8004A4152 /* MapMyTrip */,
				63B84DC619E455A9004A4152 /* MapMyTripTests */,
				63B84DA819E455A8004A4152 /* Products */,
			);
			sourceTree = "<group>";
		};
		63B84DA819E455A8004A4152 /* Products */ = {
			isa = PBXGroup;
			children = (
				63B84DA719E455A8004A4152 /* MapMyTrip.app */,
				63B84DC319E455A9004A4152 /* MapMyTripTests.xctest */,
			);
			name = Products;
			sourceTree = "<group>";
		};
		63B84DA919E455A8004A4152 /* MapMyTrip */ = {
			isa = PBXGroup;
			children = (
				63B84DAE19E455A8004A4152 /* AppDelegate.h */,
				63B84DAF19E455A8004A4152 /* AppDelegate.m */,
				63B84DB419E455A8004A4152 /* ViewController.h */,
				63B84DB519E455A8004A4152 /* ViewController.m */,
				63B84DB719E455A8004A4152 /* Main.storyboard */,
				63B84DBA19E455A8004A4152 /* Images.xcassets */,
				63B84DBC19E455A8004A4152 /* LaunchScreen.xib */,
				63B84DB119E455A8004A4152 /* MapMyTrip.xcdatamodeld */,
				63B84DAA19E455A8004A4152 /* Supporting Files */,
			);
			path = MapMyTrip;
			sourceTree = "<group>";
		};
		63B84DAA19E455A8004A4152 /* Supporting Files */ = {
			isa = PBXGroup;
			children = (
				63B84DAB19E455A8004A4152 /* Info.plist */,
				63B84DAC19E455A8004A4152 /* main.m */,
			);
			name = "Supporting Files";
			sourceTree = "<group>";
		};
		63B84DC619E455A9004A4152 /* MapMyTripTests */ = {
			isa = PBXGroup;
			children = (
				63B84DC919E455A9004A4152 /* MapMyTripTests.m */,
				63B84DC719E455A9004A4152 /* Supporting Files */,
			);
			path = MapMyTripTests;
			sourceTree = "<group>";
		};
		63B84DC719E455A9004A4152 /* Supporting Files */ = {
			isa = PBXGroup;
			children = (
				63B84DC819E455A9004A4152 /* Info.plist */,
			);
			name = "Supporting Files";
			sourceTree = "<group>";
		};
		63B84EA419E47351004A4152 /* Frameworks */ = {
			isa = PBXGroup;
			children = (
				63B84EA919E47419004A4152 /* GoogleMaps.framework */,
				63B84EA719E473D3004A4152 /* AVKit.framework */,
				63B84EA519E473A6004A4152 /* GoogleMaps.bundle */,
				63B84E9E19E472A3004A4152 /* OpenGLES.framework */,
				63B84E9F19E472A3004A4152 /* QuartzCore.framework */,
				63B84EA019E472A3004A4152 /* SystemConfiguration.framework */,
				63B84E9819E47286004A4152 /* libc++.dylib */,
				63B84E9919E47286004A4152 /* libicucore.dylib */,
				63B84E9A19E47286004A4152 /* libz.dylib */,
				63B84E9619E47236004A4152 /* ImageIO.framework */,
				63B84E9419E4720B004A4152 /* GLKit.framework */,
				63B84E8E19E4704F004A4152 /* CoreText.framework */,
				63B84E8C19E47046004A4152 /* CoreLocation.framework */,
				63B84E8A19E4703E004A4152 /* CoreData.framework */,
				63B84E8819E47036004A4152 /* AVFoundation.framework */,
			);
			name = Frameworks;
			sourceTree = "<group>";
		};
/* End PBXGroup section */

/* Begin PBXNativeTarget section */
		63B84DA619E455A8004A4152 /* MapMyTrip */ = {
			isa = PBXNativeTarget;
			buildConfigurationList = 63B84DCD19E455A9004A4152 /* Build configuration list for PBXNativeTarget "MapMyTrip" */;
			buildPhases = (
				63B84DA319E455A8004A4152 /* Sources */,
				63B84DA419E455A8004A4152 /* Frameworks */,
				63B84DA519E455A8004A4152 /* Resources */,
			);
			buildRules = (
			);
			dependencies = (
			);
			name = MapMyTrip;
			productName = MapMyTrip;
			productReference = 63B84DA719E455A8004A4152 /* MapMyTrip.app */;
			productType = "com.apple.product-type.application";
		};
		63B84DC219E455A9004A4152 /* MapMyTripTests */ = {
			isa = PBXNativeTarget;
			buildConfigurationList = 63B84DD019E455A9004A4152 /* Build configuration list for PBXNativeTarget "MapMyTripTests" */;
			buildPhases = (
				63B84DBF19E455A9004A4152 /* Sources */,
				63B84DC019E455A9004A4152 /* Frameworks */,
				63B84DC119E455A9004A4152 /* Resources */,
			);
			buildRules = (
			);
			dependencies = (
				63B84DC519E455A9004A4152 /* PBXTargetDependency */,
			);
			name = MapMyTripTests;
			productName = MapMyTripTests;
			productReference = 63B84DC319E455A9004A4152 /* MapMyTripTests.xctest */;
			productType = "com.apple.product-type.bundle.unit-test";
		};
/* End PBXNativeTarget section */

/* Begin PBXProject section */
		63B84D9F19E455A8004A4152 /* Project object */ = {
			isa = PBXProject;
			attributes = {
				LastUpgradeCheck = 0600;
				ORGANIZATIONNAME = "David Kennedy";
				TargetAttributes = {
					63B84DA619E455A8004A4152 = {
						CreatedOnToolsVersion = 6.0.1;
					};
					63B84DC219E455A9004A4152 = {
						CreatedOnToolsVersion = 6.0.1;
						TestTargetID = 63B84DA619E455A8004A4152;
					};
				};
			};
			buildConfigurationList = 63B84DA219E455A8004A4152 /* Build configuration list for PBXProject "MapMyTrip" */;
			compatibilityVersion = "Xcode 3.2";
			developmentRegion = English;
			hasScannedForEncodings = 0;
			knownRegions = (
				en,
				Base,
				ar,
				ca,
				cs,
				da,
				de,
				el,
				en_GB,
				es,
				fi,
				fr,
				he,
				hr,
				hu,
				id,
				it,
				ja,
				ko,
				ms,
				nl,
				no,
				pl,
				pt,
				pt_PT,
				ro,
				ru,
				sk,
				sv,
				th,
				tr,
				uk,
				vi,
				zh_CN,
				zh_TW,
			);
			mainGroup = 63B84D9E19E455A8004A4152;
			productRefGroup = 63B84DA819E455A8004A4152 /* Products */;
			projectDirPath = "";
			projectRoot = "";
			targets = (
				63B84DA619E455A8004A4152 /* MapMyTrip */,
				63B84DC219E455A9004A4152 /* MapMyTripTests */,
			);
		};
/* End PBXProject section */

/* Begin PBXResourcesBuildPhase section */
		63B84DA519E455A8004A4152 /* Resources */ = {
			isa = PBXResourcesBuildPhase;
			buildActionMask = 2147483647;
			files = (
				63B84DB919E455A8004A4152 /* Main.storyboard in Resources */,
				63B84DBE19E455A8004A4152 /* LaunchScreen.xib in Resources */,
				63B84DBB19E455A8004A4152 /* Images.xcassets in Resources */,
				63B84EA619E473A6004A4152 /* GoogleMaps.bundle in Resources */,
			);
			runOnlyForDeploymentPostprocessing = 0;
		};
		63B84DC119E455A9004A4152 /* Resources */ = {
			isa = PBXResourcesBuildPhase;
			buildActionMask = 2147483647;
			files = (
			);
			runOnlyForDeploymentPostprocessing = 0;
		};
/* End PBXResourcesBuildPhase section */

/* Begin PBXSourcesBuildPhase section */
		63B84DA319E455A8004A4152 /* Sources */ = {
			isa = PBXSourcesBuildPhase;
			buildActionMask = 2147483647;
			files = (
				63B84DB319E455A8004A4152 /* MapMyTrip.xcdatamodeld in Sources */,
				63B84DB019E455A8004A4152 /* AppDelegate.m in Sources */,
				63B84DB619E455A8004A4152 /* ViewController.m in Sources */,
				63B84DAD19E455A8004A4152 /* main.m in Sources */,
			);
			runOnlyForDeploymentPostprocessing = 0;
		};
		63B84DBF19E455A9004A4152 /* Sources */ = {
			isa = PBXSourcesBuildPhase;
			buildActionMask = 2147483647;
			files = (
				63B84DCA19E455A9004A4152 /* MapMyTripTests.m in Sources */,
			);
			runOnlyForDeploymentPostprocessing = 0;
		};
/* End PBXSourcesBuildPhase section */

/* Begin PBXTargetDependency section */
		63B84DC519E455A9004A4152 /* PBXTargetDependency */ = {
			isa = PBXTargetDependency;
			target = 63B84DA619E455A8004A4152 /* MapMyTrip */;
			targetProxy = 63B84DC419E455A9004A4152 /* PBXContainerItemProxy */;
		};
/* End PBXTargetDependency section */

/* Begin PBXVariantGroup section */
		63B84DB719E455A8004A4152 /* Main.storyboard */ = {
			isa = PBXVariantGroup;
			children = (
				63B84DB819E455A8004A4152 /* Base */,
			);
			name = Main.storyboard;
			sourceTree = "<group>";
		};
		63B84DBC19E455A8004A4152 /* LaunchScreen.xib */ = {
			isa = PBXVariantGroup;
			children = (
				63B84DBD19E455A8004A4152 /* Base */,
			);
			name = LaunchScreen.xib;
			sourceTree = "<group>";
		};
/* End PBXVariantGroup section */

/* Begin XCBuildConfiguration section */
		63B84DCB19E455A9004A4152 /* Debug */ = {
			isa = XCBuildConfiguration;
			buildSettings = {
				ALWAYS_SEARCH_USER_PATHS = NO;
				CLANG_CXX_LANGUAGE_STANDARD = "gnu++0x";
				CLANG_CXX_LIBRARY = "libc++";
				CLANG_ENABLE_MODULES = YES;
				CLANG_ENABLE_OBJC_ARC = YES;
				CLANG_WARN_BOOL_CONVERSION = YES;
				CLANG_WARN_CONSTANT_CONVERSION = YES;
				CLANG_WARN_DIRECT_OBJC_ISA_USAGE = YES_ERROR;
				CLANG_WARN_EMPTY_BODY = YES;
				CLANG_WARN_ENUM_CONVERSION = YES;
				CLANG_WARN_INT_CONVERSION = YES;
				CLANG_WARN_OBJC_ROOT_CLASS = YES_ERROR;
				CLANG_WARN_UNREACHABLE_CODE = YES;
				CLANG_WARN__DUPLICATE_METHOD_MATCH = YES;
				"CODE_SIGN_IDENTITY[sdk=iphoneos*]" = "iPhone Developer";
				COPY_PHASE_STRIP = NO;
				ENABLE_STRICT_OBJC_MSGSEND = YES;
				GCC_C_LANGUAGE_STANDARD = gnu99;
				GCC_DYNAMIC_NO_PIC = NO;
				GCC_OPTIMIZATION_LEVEL = 0;
				GCC_PREPROCESSOR_DEFINITIONS = (
					"DEBUG=1",
					"$(inherited)",
				);
				GCC_SYMBOLS_PRIVATE_EXTERN = NO;
				GCC_WARN_64_TO_32_BIT_CONVERSION = YES;
				GCC_WARN_ABOUT_RETURN_TYPE = YES_ERROR;
				GCC_WARN_UNDECLARED_SELECTOR = YES;
				GCC_WARN_UNINITIALIZED_AUTOS = YES_AGGRESSIVE;
				GCC_WARN_UNUSED_FUNCTION = YES;
				GCC_WARN_UNUSED_VARIABLE = YES;
				IPHONEOS_DEPLOYMENT_TARGET = 8.0;
				MTL_ENABLE_DEBUG_INFO = YES;
				ONLY_ACTIVE_ARCH = YES;
				OTHER_LDFLAGS = "-ObjC";
				SDKROOT = iphoneos;
				VERSIONING_SYSTEM = "";
			};
			name = Debug;
		};
		63B84DCC19E455A9004A4152 /* Release */ = {
			isa = XCBuildConfiguration;
			buildSettings = {
				ALWAYS_SEARCH_USER_PATHS = NO;
				CLANG_CXX_LANGUAGE_STANDARD = "gnu++0x";
				CLANG_CXX_LIBRARY = "libc++";
				CLANG_ENABLE_MODULES = YES;
				CLANG_ENABLE_OBJC_ARC = YES;
				CLANG_WARN_BOOL_CONVERSION = YES;
				CLANG_WARN_CONSTANT_CONVERSION = YES;
				CLANG_WARN_DIRECT_OBJC_ISA_USAGE = YES_ERROR;
				CLANG_WARN_EMPTY_BODY = YES;
				CLANG_WARN_ENUM_CONVERSION = YES;
				CLANG_WARN_INT_CONVERSION = YES;
				CLANG_WARN_OBJC_ROOT_CLASS = YES_ERROR;
				CLANG_WARN_UNREACHABLE_CODE = YES;
				CLANG_WARN__DUPLICATE_METHOD_MATCH = YES;
				"CODE_SIGN_IDENTITY[sdk=iphoneos*]" = "iPhone Developer";
				COPY_PHASE_STRIP = YES;
				ENABLE_NS_ASSERTIONS = NO;
				ENABLE_STRICT_OBJC_MSGSEND = YES;
				GCC_C_LANGUAGE_STANDARD = gnu99;
				GCC_WARN_64_TO_32_BIT_CONVERSION = YES;
				GCC_WARN_ABOUT_RETURN_TYPE = YES_ERROR;
				GCC_WARN_UNDECLARED_SELECTOR = YES;
				GCC_WARN_UNINITIALIZED_AUTOS = YES_AGGRESSIVE;
				GCC_WARN_UNUSED_FUNCTION = YES;
				GCC_WARN_UNUSED_VARIABLE = YES;
				IPHONEOS_DEPLOYMENT_TARGET = 8.0;
				MTL_ENABLE_DEBUG_INFO = NO;
				OTHER_LDFLAGS = "-ObjC";
				SDKROOT = iphoneos;
				VALIDATE_PRODUCT = YES;
				VERSIONING_SYSTEM = "";
			};
			name = Release;
		};
		63B84DCE19E455A9004A4152 /* Debug */ = {
			isa = XCBuildConfiguration;
			buildSettings = {
				ASSETCATALOG_COMPILER_APPICON_NAME = AppIcon;
				FRAMEWORK_SEARCH_PATHS = (
					"$(inherited)",
					/Users/David/Desktop/App,
					"Development/MapMyTrip/GoogleMaps-iOS-1.8.1",
					"$(PROJECT_DIR)",
				);
				INFOPLIST_FILE = MapMyTrip/Info.plist;
				LD_RUNPATH_SEARCH_PATHS = "$(inherited) @executable_path/Frameworks";
				PRODUCT_NAME = "$(TARGET_NAME)";
			};
			name = Debug;
		};
		63B84DCF19E455A9004A4152 /* Release */ = {
			isa = XCBuildConfiguration;
			buildSettings = {
				ASSETCATALOG_COMPILER_APPICON_NAME = AppIcon;
				FRAMEWORK_SEARCH_PATHS = (
					"$(inherited)",
					/Users/David/Desktop/App,
					"Development/MapMyTrip/GoogleMaps-iOS-1.8.1",
					"$(PROJECT_DIR)",
				);
				INFOPLIST_FILE = MapMyTrip/Info.plist;
				LD_RUNPATH_SEARCH_PATHS = "$(inherited) @executable_path/Frameworks";
				PRODUCT_NAME = "$(TARGET_NAME)";
			};
			name = Release;
		};
		63B84DD119E455A9004A4152 /* Debug */ = {
			isa = XCBuildConfiguration;
			buildSettings = {
				BUNDLE_LOADER = "$(TEST_HOST)";
				FRAMEWORK_SEARCH_PATHS = (
					"$(SDKROOT)/Developer/Library/Frameworks",
					"$(inherited)",
				);
				GCC_PREPROCESSOR_DEFINITIONS = (
					"DEBUG=1",
					"$(inherited)",
				);
				INFOPLIST_FILE = MapMyTripTests/Info.plist;
				LD_RUNPATH_SEARCH_PATHS = "$(inherited) @executable_path/Frameworks @loader_path/Frameworks";
				PRODUCT_NAME = "$(TARGET_NAME)";
				TEST_HOST = "$(BUILT_PRODUCTS_DIR)/MapMyTrip.app/MapMyTrip";
			};
			name = Debug;
		};
		63B84DD219E455A9004A4152 /* Release */ = {
			isa = XCBuildConfiguration;
			buildSettings = {
				BUNDLE_LOADER = "$(TEST_HOST)";
				FRAMEWORK_SEARCH_PATHS = (
					"$(SDKROOT)/Developer/Library/Frameworks",
					"$(inherited)",
				);
				INFOPLIST_FILE = MapMyTripTests/Info.plist;
				LD_RUNPATH_SEARCH_PATHS = "$(inherited) @executable_path/Frameworks @loader_path/Frameworks";
				PRODUCT_NAME = "$(TARGET_NAME)";
				TEST_HOST = "$(BUILT_PRODUCTS_DIR)/MapMyTrip.app/MapMyTrip";
			};
			name = Release;
		};
/* End XCBuildConfiguration section */

/* Begin XCConfigurationList section */
		63B84DA219E455A8004A4152 /* Build configuration list for PBXProject "MapMyTrip" */ = {
			isa = XCConfigurationList;
			buildConfigurations = (
				63B84DCB19E455A9004A4152 /* Debug */,
				63B84DCC19E455A9004A4152 /* Release */,
			);
			defaultConfigurationIsVisible = 0;
			defaultConfigurationName = Release;
		};
		63B84DCD19E455A9004A4152 /* Build configuration list for PBXNativeTarget "MapMyTrip" */ = {
			isa = XCConfigurationList;
			buildConfigurations = (
				63B84DCE19E455A9004A4152 /* Debug */,
				63B84DCF19E455A9004A4152 /* Release */,
			);
			defaultConfigurationIsVisible = 0;
			defaultConfigurationName = Release;
		};
		63B84DD019E455A9004A4152 /* Build configuration list for PBXNativeTarget "MapMyTripTests" */ = {
			isa = XCConfigurationList;
			buildConfigurations = (
				63B84DD119E455A9004A4152 /* Debug */,
				63B84DD219E455A9004A4152 /* Release */,
			);
			defaultConfigurationIsVisible = 0;
			defaultConfigurationName = Release;
		};
/* End XCConfigurationList section */

/* Begin XCVersionGroup section */
		63B84DB119E455A8004A4152 /* MapMyTrip.xcdatamodeld */ = {
			isa = XCVersionGroup;
			children = (
				63B84DB219E455A8004A4152 /* MapMyTrip.xcdatamodel */,
			);
			currentVersion = 63B84DB219E455A8004A4152 /* MapMyTrip.xcdatamodel */;
			path = MapMyTrip.xcdatamodeld;
			sourceTree = "<group>";
			versionGroupType = wrapper.xcdatamodel;
		};
/* End XCVersionGroup section */
	};
	rootObject = 63B84D9F19E455A8004A4152 /* Project object */;
}
